// !$*UTF8*$!
{
	archiveVersion = 1;
	classes = {
	};
	objectVersion = 46;
	objects = {

/* Begin PBXBuildFile section */
		1B24718A1653D79000B0E95C /* icon@2x.png in Resources */ = {isa = PBXBuildFile; fileRef = 1B2471891653D79000B0E95C /* icon@2x.png */; };
		1B24718C1653D7AD00B0E95C /* icon.png in Resources */ = {isa = PBXBuildFile; fileRef = 1B24718B1653D7AD00B0E95C /* icon.png */; };
		1B451354164F7CD900618E8E /* UIKit.framework in Frameworks */ = {isa = PBXBuildFile; fileRef = 1B451353164F7CD900618E8E /* UIKit.framework */; };
		1B451356164F7CD900618E8E /* Foundation.framework in Frameworks */ = {isa = PBXBuildFile; fileRef = 1B451355164F7CD900618E8E /* Foundation.framework */; };
		1B451358164F7CD900618E8E /* CoreGraphics.framework in Frameworks */ = {isa = PBXBuildFile; fileRef = 1B451357164F7CD900618E8E /* CoreGraphics.framework */; };
		1B45135E164F7CD900618E8E /* InfoPlist.strings in Resources */ = {isa = PBXBuildFile; fileRef = 1B45135C164F7CD900618E8E /* InfoPlist.strings */; };
		1B451360164F7CD900618E8E /* main.m in Sources */ = {isa = PBXBuildFile; fileRef = 1B45135F164F7CD900618E8E /* main.m */; };
		1B451366164F7CD900618E8E /* Default.png in Resources */ = {isa = PBXBuildFile; fileRef = 1B451365164F7CD900618E8E /* Default.png */; };
		1B451368164F7CD900618E8E /* Default@2x.png in Resources */ = {isa = PBXBuildFile; fileRef = 1B451367164F7CD900618E8E /* Default@2x.png */; };
		1B45136A164F7CD900618E8E /* Default-568h@2x.png in Resources */ = {isa = PBXBuildFile; fileRef = 1B451369164F7CD900618E8E /* Default-568h@2x.png */; };
		1B45136D164F7CD900618E8E /* MainStoryboard.storyboard in Resources */ = {isa = PBXBuildFile; fileRef = 1B45136B164F7CD900618E8E /* MainStoryboard.storyboard */; };
		1B451383164F7CD900618E8E /* SenTestingKit.framework in Frameworks */ = {isa = PBXBuildFile; fileRef = 1B451382164F7CD900618E8E /* SenTestingKit.framework */; };
		1B451384164F7CD900618E8E /* UIKit.framework in Frameworks */ = {isa = PBXBuildFile; fileRef = 1B451353164F7CD900618E8E /* UIKit.framework */; };
		1B451385164F7CD900618E8E /* Foundation.framework in Frameworks */ = {isa = PBXBuildFile; fileRef = 1B451355164F7CD900618E8E /* Foundation.framework */; };
		1B45138D164F7CD900618E8E /* InfoPlist.strings in Resources */ = {isa = PBXBuildFile; fileRef = 1B45138B164F7CD900618E8E /* InfoPlist.strings */; };
		1B4513B8164F819E00618E8E /* comment.png in Resources */ = {isa = PBXBuildFile; fileRef = 1B4513B1164F819E00618E8E /* comment.png */; };
		1B4513B9164F819E00618E8E /* comment16.png in Resources */ = {isa = PBXBuildFile; fileRef = 1B4513B2164F819E00618E8E /* comment16.png */; };
		1B4513BA164F819E00618E8E /* gear32.png in Resources */ = {isa = PBXBuildFile; fileRef = 1B4513B3164F819E00618E8E /* gear32.png */; };
		1B4513BC164F819E00618E8E /* pin.png in Resources */ = {isa = PBXBuildFile; fileRef = 1B4513B5164F819E00618E8E /* pin.png */; };
		1B4513BD164F819E00618E8E /* pin32.png in Resources */ = {isa = PBXBuildFile; fileRef = 1B4513B6164F819E00618E8E /* pin32.png */; };
		1B4513BE164F819E00618E8E /* tweet.png in Resources */ = {isa = PBXBuildFile; fileRef = 1B4513B7164F819E00618E8E /* tweet.png */; };
		1B4513C0164F81DF00618E8E /* TweetNow.png in Resources */ = {isa = PBXBuildFile; fileRef = 1B4513BF164F81DF00618E8E /* TweetNow.png */; };
		1B4513C3164F835700618E8E /* AppDelegate.m in Sources */ = {isa = PBXBuildFile; fileRef = 1B4513C2164F835700618E8E /* AppDelegate.m */; };
		1B4513C6164F839400618E8E /* TweetNewViewController.m in Sources */ = {isa = PBXBuildFile; fileRef = 1B4513C5164F839400618E8E /* TweetNewViewController.m */; };
		1B4513C9164F83BD00618E8E /* PlacesViewController.m in Sources */ = {isa = PBXBuildFile; fileRef = 1B4513C8164F83BD00618E8E /* PlacesViewController.m */; };
		1B4513CC164F83EC00618E8E /* PhrasesViewController.m in Sources */ = {isa = PBXBuildFile; fileRef = 1B4513CB164F83EC00618E8E /* PhrasesViewController.m */; };
		1B4513CF164F840100618E8E /* SetUpViewController.m in Sources */ = {isa = PBXBuildFile; fileRef = 1B4513CE164F840100618E8E /* SetUpViewController.m */; };
		1B4513D6164F8FA800618E8E /* AddPlaceViewController.m in Sources */ = {isa = PBXBuildFile; fileRef = 1B4513D5164F8FA800618E8E /* AddPlaceViewController.m */; };
		1B4513DC164F8FD400618E8E /* AboutViewController.m in Sources */ = {isa = PBXBuildFile; fileRef = 1B4513DB164F8FD400618E8E /* AboutViewController.m */; };
		1B4513F8164F968D00618E8E /* Place.m in Sources */ = {isa = PBXBuildFile; fileRef = 1B4513F1164F968D00618E8E /* Place.m */; };
		1B4513F9164F968D00618E8E /* Place.m in Sources */ = {isa = PBXBuildFile; fileRef = 1B4513F1164F968D00618E8E /* Place.m */; };
		1B4513FA164F968D00618E8E /* PlaceList.m in Sources */ = {isa = PBXBuildFile; fileRef = 1B4513F3164F968D00618E8E /* PlaceList.m */; };
		1B4513FB164F968D00618E8E /* PlaceList.m in Sources */ = {isa = PBXBuildFile; fileRef = 1B4513F3164F968D00618E8E /* PlaceList.m */; };
		1B4513FC164F968D00618E8E /* StationLocation.m in Sources */ = {isa = PBXBuildFile; fileRef = 1B4513F5164F968D00618E8E /* StationLocation.m */; };
		1B4513FD164F968D00618E8E /* StationLocation.m in Sources */ = {isa = PBXBuildFile; fileRef = 1B4513F5164F968D00618E8E /* StationLocation.m */; };
		1B4513FE164F968D00618E8E /* StationSearch.m in Sources */ = {isa = PBXBuildFile; fileRef = 1B4513F7164F968D00618E8E /* StationSearch.m */; };
		1B4513FF164F968D00618E8E /* StationSearch.m in Sources */ = {isa = PBXBuildFile; fileRef = 1B4513F7164F968D00618E8E /* StationSearch.m */; };
		1B451406164F992000618E8E /* PlaceListTests.m in Sources */ = {isa = PBXBuildFile; fileRef = 1B451401164F992000618E8E /* PlaceListTests.m */; };
		1B451407164F992000618E8E /* RegisteredPlaceListTests.m in Sources */ = {isa = PBXBuildFile; fileRef = 1B451403164F992000618E8E /* RegisteredPlaceListTests.m */; };
		1B451408164F992000618E8E /* StationSearchTests.m in Sources */ = {isa = PBXBuildFile; fileRef = 1B451405164F992000618E8E /* StationSearchTests.m */; };
		1B45140F164F9C5400618E8E /* RegisteredPlaceList.m in Sources */ = {isa = PBXBuildFile; fileRef = 1B45140E164F9C5400618E8E /* RegisteredPlaceList.m */; };
		1B451410164F9C5400618E8E /* RegisteredPlaceList.m in Sources */ = {isa = PBXBuildFile; fileRef = 1B45140E164F9C5400618E8E /* RegisteredPlaceList.m */; };
		1B451412164FFE5700618E8E /* MapKit.framework in Frameworks */ = {isa = PBXBuildFile; fileRef = 1B451411164FFE5700618E8E /* MapKit.framework */; };
		1B6E42FB16512CF400C7BEFD /* PhraseList.m in Sources */ = {isa = PBXBuildFile; fileRef = 1B6E42FA16512CF400C7BEFD /* PhraseList.m */; };
		1B6E42FC16512CF400C7BEFD /* PhraseList.m in Sources */ = {isa = PBXBuildFile; fileRef = 1B6E42FA16512CF400C7BEFD /* PhraseList.m */; };
		1B6E4308165134F300C7BEFD /* Config.m in Sources */ = {isa = PBXBuildFile; fileRef = 1B6E4303165134F300C7BEFD /* Config.m */; };
		1B6E4309165134F300C7BEFD /* SimpleAlertView.m in Sources */ = {isa = PBXBuildFile; fileRef = 1B6E4305165134F300C7BEFD /* SimpleAlertView.m */; };
		1B6E430A165134F300C7BEFD /* TwitterHelper.m in Sources */ = {isa = PBXBuildFile; fileRef = 1B6E4307165134F300C7BEFD /* TwitterHelper.m */; };
		1B6E430C165139E500C7BEFD /* Accounts.framework in Frameworks */ = {isa = PBXBuildFile; fileRef = 1B6E430B165139E500C7BEFD /* Accounts.framework */; };
		1B6E430E165139F100C7BEFD /* Social.framework in Frameworks */ = {isa = PBXBuildFile; fileRef = 1B6E430D165139F100C7BEFD /* Social.framework */; };
		1B6E431016513A1400C7BEFD /* QuartzCore.framework in Frameworks */ = {isa = PBXBuildFile; fileRef = 1B6E430F16513A1400C7BEFD /* QuartzCore.framework */; };
		1B6E431316513DF900C7BEFD /* MKPlacePinAnnotationView.m in Sources */ = {isa = PBXBuildFile; fileRef = 1B6E431216513DF900C7BEFD /* MKPlacePinAnnotationView.m */; };
		1BA886921690764100D05E78 /* libGoogleAdMobAds.a in Frameworks */ = {isa = PBXBuildFile; fileRef = 1BA886911690764100D05E78 /* libGoogleAdMobAds.a */; };
		1BA886941690793200D05E78 /* AdSupport.framework in Frameworks */ = {isa = PBXBuildFile; fileRef = 1BA886931690793200D05E78 /* AdSupport.framework */; };
		1BA886961690793800D05E78 /* AudioToolbox.framework in Frameworks */ = {isa = PBXBuildFile; fileRef = 1BA886951690793800D05E78 /* AudioToolbox.framework */; };
		1BA886981690794A00D05E78 /* StoreKit.framework in Frameworks */ = {isa = PBXBuildFile; fileRef = 1BA886971690794A00D05E78 /* StoreKit.framework */; };
		1BA8869A1690798000D05E78 /* MessageUI.framework in Frameworks */ = {isa = PBXBuildFile; fileRef = 1BA886991690798000D05E78 /* MessageUI.framework */; };
		1BA8869C1690799500D05E78 /* SystemConfiguration.framework in Frameworks */ = {isa = PBXBuildFile; fileRef = 1BA8869B1690799500D05E78 /* SystemConfiguration.framework */; };
		1BE4A98016A5223F000BB244 /* AdBanner.m in Sources */ = {isa = PBXBuildFile; fileRef = 1BE4A97F16A5223F000BB244 /* AdBanner.m */; };
/* End PBXBuildFile section */

/* Begin PBXContainerItemProxy section */
		1B451386164F7CD900618E8E /* PBXContainerItemProxy */ = {
			isa = PBXContainerItemProxy;
			containerPortal = 1B451346164F7CD900618E8E /* Project object */;
			proxyType = 1;
			remoteGlobalIDString = 1B45134E164F7CD900618E8E;
			remoteInfo = TweetNow;
		};
/* End PBXContainerItemProxy section */

/* Begin PBXFileReference section */
		1B19494316529F9A003E4F23 /* ja */ = {isa = PBXFileReference; lastKnownFileType = file.storyboard; name = ja; path = ja.lproj/MainStoryboard.storyboard; sourceTree = "<group>"; };
		1B19494416529F9A003E4F23 /* ja */ = {isa = PBXFileReference; lastKnownFileType = text.plist.strings; name = ja; path = ja.lproj/InfoPlist.strings; sourceTree = "<group>"; };
		1B19494516529F9A003E4F23 /* ja */ = {isa = PBXFileReference; lastKnownFileType = text.plist.strings; name = ja; path = ja.lproj/InfoPlist.strings; sourceTree = "<group>"; };
		1B2471891653D79000B0E95C /* icon@2x.png */ = {isa = PBXFileReference; lastKnownFileType = image.png; name = "icon@2x.png"; path = "../icon@2x.png"; sourceTree = "<group>"; };
		1B24718B1653D7AD00B0E95C /* icon.png */ = {isa = PBXFileReference; lastKnownFileType = image.png; name = icon.png; path = ../icon.png; sourceTree = "<group>"; };
		1B45134F164F7CD900618E8E /* TweetNow.app */ = {isa = PBXFileReference; explicitFileType = wrapper.application; includeInIndex = 0; path = TweetNow.app; sourceTree = BUILT_PRODUCTS_DIR; };
		1B451353164F7CD900618E8E /* UIKit.framework */ = {isa = PBXFileReference; lastKnownFileType = wrapper.framework; name = UIKit.framework; path = System/Library/Frameworks/UIKit.framework; sourceTree = SDKROOT; };
		1B451355164F7CD900618E8E /* Foundation.framework */ = {isa = PBXFileReference; lastKnownFileType = wrapper.framework; name = Foundation.framework; path = System/Library/Frameworks/Foundation.framework; sourceTree = SDKROOT; };
		1B451357164F7CD900618E8E /* CoreGraphics.framework */ = {isa = PBXFileReference; lastKnownFileType = wrapper.framework; name = CoreGraphics.framework; path = System/Library/Frameworks/CoreGraphics.framework; sourceTree = SDKROOT; };
		1B45135B164F7CD900618E8E /* TweetNow-Info.plist */ = {isa = PBXFileReference; lastKnownFileType = text.plist.xml; path = "TweetNow-Info.plist"; sourceTree = "<group>"; };
		1B45135F164F7CD900618E8E /* main.m */ = {isa = PBXFileReference; lastKnownFileType = sourcecode.c.objc; path = main.m; sourceTree = "<group>"; };
		1B451361164F7CD900618E8E /* TweetNow-Prefix.pch */ = {isa = PBXFileReference; lastKnownFileType = sourcecode.c.h; path = "TweetNow-Prefix.pch"; sourceTree = "<group>"; };
		1B451365164F7CD900618E8E /* Default.png */ = {isa = PBXFileReference; lastKnownFileType = image.png; path = Default.png; sourceTree = "<group>"; };
		1B451367164F7CD900618E8E /* Default@2x.png */ = {isa = PBXFileReference; lastKnownFileType = image.png; path = "Default@2x.png"; sourceTree = "<group>"; };
		1B451369164F7CD900618E8E /* Default-568h@2x.png */ = {isa = PBXFileReference; lastKnownFileType = image.png; path = "Default-568h@2x.png"; sourceTree = "<group>"; };
		1B451381164F7CD900618E8E /* TweetNowTests.octest */ = {isa = PBXFileReference; explicitFileType = wrapper.cfbundle; includeInIndex = 0; path = TweetNowTests.octest; sourceTree = BUILT_PRODUCTS_DIR; };
		1B451382164F7CD900618E8E /* SenTestingKit.framework */ = {isa = PBXFileReference; lastKnownFileType = wrapper.framework; name = SenTestingKit.framework; path = Library/Frameworks/SenTestingKit.framework; sourceTree = DEVELOPER_DIR; };
		1B45138A164F7CD900618E8E /* TweetNowTests-Info.plist */ = {isa = PBXFileReference; lastKnownFileType = text.plist.xml; path = "TweetNowTests-Info.plist"; sourceTree = "<group>"; };
		1B4513B1164F819E00618E8E /* comment.png */ = {isa = PBXFileReference; lastKnownFileType = image.png; path = comment.png; sourceTree = "<group>"; };
		1B4513B2164F819E00618E8E /* comment16.png */ = {isa = PBXFileReference; lastKnownFileType = image.png; path = comment16.png; sourceTree = "<group>"; };
		1B4513B3164F819E00618E8E /* gear32.png */ = {isa = PBXFileReference; lastKnownFileType = image.png; path = gear32.png; sourceTree = "<group>"; };
		1B4513B5164F819E00618E8E /* pin.png */ = {isa = PBXFileReference; lastKnownFileType = image.png; path = pin.png; sourceTree = "<group>"; };
		1B4513B6164F819E00618E8E /* pin32.png */ = {isa = PBXFileReference; lastKnownFileType = image.png; path = pin32.png; sourceTree = "<group>"; };
		1B4513B7164F819E00618E8E /* tweet.png */ = {isa = PBXFileReference; lastKnownFileType = image.png; path = tweet.png; sourceTree = "<group>"; };
		1B4513BF164F81DF00618E8E /* TweetNow.png */ = {isa = PBXFileReference; lastKnownFileType = image.png; path = TweetNow.png; sourceTree = "<group>"; };
		1B4513C1164F835700618E8E /* AppDelegate.h */ = {isa = PBXFileReference; fileEncoding = 4; lastKnownFileType = sourcecode.c.h; name = AppDelegate.h; path = Classes/AppDelegate.h; sourceTree = "<group>"; };
		1B4513C2164F835700618E8E /* AppDelegate.m */ = {isa = PBXFileReference; fileEncoding = 4; lastKnownFileType = sourcecode.c.objc; name = AppDelegate.m; path = Classes/AppDelegate.m; sourceTree = "<group>"; };
		1B4513C4164F839400618E8E /* TweetNewViewController.h */ = {isa = PBXFileReference; fileEncoding = 4; lastKnownFileType = sourcecode.c.h; name = TweetNewViewController.h; path = Classes/TweetNewViewController.h; sourceTree = "<group>"; };
		1B4513C5164F839400618E8E /* TweetNewViewController.m */ = {isa = PBXFileReference; fileEncoding = 4; lastKnownFileType = sourcecode.c.objc; name = TweetNewViewController.m; path = Classes/TweetNewViewController.m; sourceTree = "<group>"; };
		1B4513C7164F83BD00618E8E /* PlacesViewController.h */ = {isa = PBXFileReference; fileEncoding = 4; lastKnownFileType = sourcecode.c.h; name = PlacesViewController.h; path = Classes/PlacesViewController.h; sourceTree = "<group>"; };
		1B4513C8164F83BD00618E8E /* PlacesViewController.m */ = {isa = PBXFileReference; fileEncoding = 4; lastKnownFileType = sourcecode.c.objc; name = PlacesViewController.m; path = Classes/PlacesViewController.m; sourceTree = "<group>"; };
		1B4513CA164F83EC00618E8E /* PhrasesViewController.h */ = {isa = PBXFileReference; fileEncoding = 4; lastKnownFileType = sourcecode.c.h; name = PhrasesViewController.h; path = Classes/PhrasesViewController.h; sourceTree = "<group>"; };
		1B4513CB164F83EC00618E8E /* PhrasesViewController.m */ = {isa = PBXFileReference; fileEncoding = 4; lastKnownFileType = sourcecode.c.objc; name = PhrasesViewController.m; path = Classes/PhrasesViewController.m; sourceTree = "<group>"; };
		1B4513CD164F840100618E8E /* SetUpViewController.h */ = {isa = PBXFileReference; fileEncoding = 4; lastKnownFileType = sourcecode.c.h; name = SetUpViewController.h; path = Classes/SetUpViewController.h; sourceTree = "<group>"; };
		1B4513CE164F840100618E8E /* SetUpViewController.m */ = {isa = PBXFileReference; fileEncoding = 4; lastKnownFileType = sourcecode.c.objc; name = SetUpViewController.m; path = Classes/SetUpViewController.m; sourceTree = "<group>"; };
		1B4513D4164F8FA800618E8E /* AddPlaceViewController.h */ = {isa = PBXFileReference; fileEncoding = 4; lastKnownFileType = sourcecode.c.h; name = AddPlaceViewController.h; path = Classes/AddPlaceViewController.h; sourceTree = "<group>"; };
		1B4513D5164F8FA800618E8E /* AddPlaceViewController.m */ = {isa = PBXFileReference; fileEncoding = 4; lastKnownFileType = sourcecode.c.objc; name = AddPlaceViewController.m; path = Classes/AddPlaceViewController.m; sourceTree = "<group>"; };
		1B4513DA164F8FD400618E8E /* AboutViewController.h */ = {isa = PBXFileReference; fileEncoding = 4; lastKnownFileType = sourcecode.c.h; name = AboutViewController.h; path = Classes/AboutViewController.h; sourceTree = "<group>"; };
		1B4513DB164F8FD400618E8E /* AboutViewController.m */ = {isa = PBXFileReference; fileEncoding = 4; lastKnownFileType = sourcecode.c.objc; name = AboutViewController.m; path = Classes/AboutViewController.m; sourceTree = "<group>"; };
		1B4513F0164F968D00618E8E /* Place.h */ = {isa = PBXFileReference; fileEncoding = 4; lastKnownFileType = sourcecode.c.h; name = Place.h; path = Classes/Place.h; sourceTree = "<group>"; };
		1B4513F1164F968D00618E8E /* Place.m */ = {isa = PBXFileReference; fileEncoding = 4; lastKnownFileType = sourcecode.c.objc; name = Place.m; path = Classes/Place.m; sourceTree = "<group>"; };
		1B4513F2164F968D00618E8E /* PlaceList.h */ = {isa = PBXFileReference; fileEncoding = 4; lastKnownFileType = sourcecode.c.h; name = PlaceList.h; path = Classes/PlaceList.h; sourceTree = "<group>"; };
		1B4513F3164F968D00618E8E /* PlaceList.m */ = {isa = PBXFileReference; fileEncoding = 4; lastKnownFileType = sourcecode.c.objc; name = PlaceList.m; path = Classes/PlaceList.m; sourceTree = "<group>"; };
		1B4513F4164F968D00618E8E /* StationLocation.h */ = {isa = PBXFileReference; fileEncoding = 4; lastKnownFileType = sourcecode.c.h; name = StationLocation.h; path = Classes/StationLocation.h; sourceTree = "<group>"; };
		1B4513F5164F968D00618E8E /* StationLocation.m */ = {isa = PBXFileReference; fileEncoding = 4; lastKnownFileType = sourcecode.c.objc; name = StationLocation.m; path = Classes/StationLocation.m; sourceTree = "<group>"; };
		1B4513F6164F968D00618E8E /* StationSearch.h */ = {isa = PBXFileReference; fileEncoding = 4; lastKnownFileType = sourcecode.c.h; name = StationSearch.h; path = Classes/StationSearch.h; sourceTree = "<group>"; };
		1B4513F7164F968D00618E8E /* StationSearch.m */ = {isa = PBXFileReference; fileEncoding = 4; lastKnownFileType = sourcecode.c.objc; name = StationSearch.m; path = Classes/StationSearch.m; sourceTree = "<group>"; };
		1B451400164F992000618E8E /* PlaceListTests.h */ = {isa = PBXFileReference; fileEncoding = 4; lastKnownFileType = sourcecode.c.h; path = PlaceListTests.h; sourceTree = "<group>"; };
		1B451401164F992000618E8E /* PlaceListTests.m */ = {isa = PBXFileReference; fileEncoding = 4; lastKnownFileType = sourcecode.c.objc; path = PlaceListTests.m; sourceTree = "<group>"; };
		1B451402164F992000618E8E /* RegisteredPlaceListTests.h */ = {isa = PBXFileReference; fileEncoding = 4; lastKnownFileType = sourcecode.c.h; path = RegisteredPlaceListTests.h; sourceTree = "<group>"; };
		1B451403164F992000618E8E /* RegisteredPlaceListTests.m */ = {isa = PBXFileReference; fileEncoding = 4; lastKnownFileType = sourcecode.c.objc; path = RegisteredPlaceListTests.m; sourceTree = "<group>"; };
		1B451404164F992000618E8E /* StationSearchTests.h */ = {isa = PBXFileReference; fileEncoding = 4; lastKnownFileType = sourcecode.c.h; path = StationSearchTests.h; sourceTree = "<group>"; };
		1B451405164F992000618E8E /* StationSearchTests.m */ = {isa = PBXFileReference; fileEncoding = 4; lastKnownFileType = sourcecode.c.objc; path = StationSearchTests.m; sourceTree = "<group>"; };
		1B45140D164F9C5400618E8E /* RegisteredPlaceList.h */ = {isa = PBXFileReference; fileEncoding = 4; lastKnownFileType = sourcecode.c.h; name = RegisteredPlaceList.h; path = Classes/RegisteredPlaceList.h; sourceTree = "<group>"; };
		1B45140E164F9C5400618E8E /* RegisteredPlaceList.m */ = {isa = PBXFileReference; fileEncoding = 4; lastKnownFileType = sourcecode.c.objc; name = RegisteredPlaceList.m; path = Classes/RegisteredPlaceList.m; sourceTree = "<group>"; };
		1B451411164FFE5700618E8E /* MapKit.framework */ = {isa = PBXFileReference; lastKnownFileType = wrapper.framework; name = MapKit.framework; path = System/Library/Frameworks/MapKit.framework; sourceTree = SDKROOT; };
		1B6E42F916512CF400C7BEFD /* PhraseList.h */ = {isa = PBXFileReference; fileEncoding = 4; lastKnownFileType = sourcecode.c.h; name = PhraseList.h; path = Classes/PhraseList.h; sourceTree = "<group>"; };
		1B6E42FA16512CF400C7BEFD /* PhraseList.m */ = {isa = PBXFileReference; fileEncoding = 4; lastKnownFileType = sourcecode.c.objc; name = PhraseList.m; path = Classes/PhraseList.m; sourceTree = "<group>"; };
		1B6E4302165134F300C7BEFD /* Config.h */ = {isa = PBXFileReference; fileEncoding = 4; lastKnownFileType = sourcecode.c.h; name = Config.h; path = Classes/Config.h; sourceTree = "<group>"; };
		1B6E4303165134F300C7BEFD /* Config.m */ = {isa = PBXFileReference; fileEncoding = 4; lastKnownFileType = sourcecode.c.objc; name = Config.m; path = Classes/Config.m; sourceTree = "<group>"; };
		1B6E4304165134F300C7BEFD /* SimpleAlertView.h */ = {isa = PBXFileReference; fileEncoding = 4; lastKnownFileType = sourcecode.c.h; name = SimpleAlertView.h; path = Classes/SimpleAlertView.h; sourceTree = "<group>"; };
		1B6E4305165134F300C7BEFD /* SimpleAlertView.m */ = {isa = PBXFileReference; fileEncoding = 4; lastKnownFileType = sourcecode.c.objc; name = SimpleAlertView.m; path = Classes/SimpleAlertView.m; sourceTree = "<group>"; };
		1B6E4306165134F300C7BEFD /* TwitterHelper.h */ = {isa = PBXFileReference; fileEncoding = 4; lastKnownFileType = sourcecode.c.h; name = TwitterHelper.h; path = Classes/TwitterHelper.h; sourceTree = "<group>"; };
		1B6E4307165134F300C7BEFD /* TwitterHelper.m */ = {isa = PBXFileReference; fileEncoding = 4; lastKnownFileType = sourcecode.c.objc; name = TwitterHelper.m; path = Classes/TwitterHelper.m; sourceTree = "<group>"; };
		1B6E430B165139E500C7BEFD /* Accounts.framework */ = {isa = PBXFileReference; lastKnownFileType = wrapper.framework; name = Accounts.framework; path = System/Library/Frameworks/Accounts.framework; sourceTree = SDKROOT; };
		1B6E430D165139F100C7BEFD /* Social.framework */ = {isa = PBXFileReference; lastKnownFileType = wrapper.framework; name = Social.framework; path = System/Library/Frameworks/Social.framework; sourceTree = SDKROOT; };
		1B6E430F16513A1400C7BEFD /* QuartzCore.framework */ = {isa = PBXFileReference; lastKnownFileType = wrapper.framework; name = QuartzCore.framework; path = System/Library/Frameworks/QuartzCore.framework; sourceTree = SDKROOT; };
		1B6E431116513DF900C7BEFD /* MKPlacePinAnnotationView.h */ = {isa = PBXFileReference; fileEncoding = 4; lastKnownFileType = sourcecode.c.h; name = MKPlacePinAnnotationView.h; path = Classes/MKPlacePinAnnotationView.h; sourceTree = "<group>"; };
		1B6E431216513DF900C7BEFD /* MKPlacePinAnnotationView.m */ = {isa = PBXFileReference; fileEncoding = 4; lastKnownFileType = sourcecode.c.objc; name = MKPlacePinAnnotationView.m; path = Classes/MKPlacePinAnnotationView.m; sourceTree = "<group>"; };
		1BA886881690764100D05E78 /* GADAdMobExtras.h */ = {isa = PBXFileReference; fileEncoding = 4; lastKnownFileType = sourcecode.c.h; path = GADAdMobExtras.h; sourceTree = "<group>"; };
		1BA886891690764100D05E78 /* GADAdNetworkExtras.h */ = {isa = PBXFileReference; fileEncoding = 4; lastKnownFileType = sourcecode.c.h; path = GADAdNetworkExtras.h; sourceTree = "<group>"; };
		1BA8868A1690764100D05E78 /* GADAdSize.h */ = {isa = PBXFileReference; fileEncoding = 4; lastKnownFileType = sourcecode.c.h; path = GADAdSize.h; sourceTree = "<group>"; };
		1BA8868B1690764100D05E78 /* GADBannerView.h */ = {isa = PBXFileReference; fileEncoding = 4; lastKnownFileType = sourcecode.c.h; path = GADBannerView.h; sourceTree = "<group>"; };
		1BA8868C1690764100D05E78 /* GADBannerViewDelegate.h */ = {isa = PBXFileReference; fileEncoding = 4; lastKnownFileType = sourcecode.c.h; path = GADBannerViewDelegate.h; sourceTree = "<group>"; };
		1BA8868D1690764100D05E78 /* GADInterstitial.h */ = {isa = PBXFileReference; fileEncoding = 4; lastKnownFileType = sourcecode.c.h; path = GADInterstitial.h; sourceTree = "<group>"; };
		1BA8868E1690764100D05E78 /* GADInterstitialDelegate.h */ = {isa = PBXFileReference; fileEncoding = 4; lastKnownFileType = sourcecode.c.h; path = GADInterstitialDelegate.h; sourceTree = "<group>"; };
		1BA8868F1690764100D05E78 /* GADRequest.h */ = {isa = PBXFileReference; fileEncoding = 4; lastKnownFileType = sourcecode.c.h; path = GADRequest.h; sourceTree = "<group>"; };
		1BA886901690764100D05E78 /* GADRequestError.h */ = {isa = PBXFileReference; fileEncoding = 4; lastKnownFileType = sourcecode.c.h; path = GADRequestError.h; sourceTree = "<group>"; };
		1BA886911690764100D05E78 /* libGoogleAdMobAds.a */ = {isa = PBXFileReference; lastKnownFileType = archive.ar; path = libGoogleAdMobAds.a; sourceTree = "<group>"; };
		1BA886931690793200D05E78 /* AdSupport.framework */ = {isa = PBXFileReference; lastKnownFileType = wrapper.framework; name = AdSupport.framework; path = System/Library/Frameworks/AdSupport.framework; sourceTree = SDKROOT; };
		1BA886951690793800D05E78 /* AudioToolbox.framework */ = {isa = PBXFileReference; lastKnownFileType = wrapper.framework; name = AudioToolbox.framework; path = System/Library/Frameworks/AudioToolbox.framework; sourceTree = SDKROOT; };
		1BA886971690794A00D05E78 /* StoreKit.framework */ = {isa = PBXFileReference; lastKnownFileType = wrapper.framework; name = StoreKit.framework; path = System/Library/Frameworks/StoreKit.framework; sourceTree = SDKROOT; };
		1BA886991690798000D05E78 /* MessageUI.framework */ = {isa = PBXFileReference; lastKnownFileType = wrapper.framework; name = MessageUI.framework; path = System/Library/Frameworks/MessageUI.framework; sourceTree = SDKROOT; };
		1BA8869B1690799500D05E78 /* SystemConfiguration.framework */ = {isa = PBXFileReference; lastKnownFileType = wrapper.framework; name = SystemConfiguration.framework; path = System/Library/Frameworks/SystemConfiguration.framework; sourceTree = SDKROOT; };
		1BE4A97E16A5223F000BB244 /* AdBanner.h */ = {isa = PBXFileReference; fileEncoding = 4; lastKnownFileType = sourcecode.c.h; name = AdBanner.h; path = Classes/AdBanner.h; sourceTree = "<group>"; };
		1BE4A97F16A5223F000BB244 /* AdBanner.m */ = {isa = PBXFileReference; fileEncoding = 4; lastKnownFileType = sourcecode.c.objc; name = AdBanner.m; path = Classes/AdBanner.m; sourceTree = "<group>"; };
/* End PBXFileReference section */

/* Begin PBXFrameworksBuildPhase section */
		1B45134C164F7CD900618E8E /* Frameworks */ = {
			isa = PBXFrameworksBuildPhase;
			buildActionMask = 2147483647;
			files = (
				1BA8869C1690799500D05E78 /* SystemConfiguration.framework in Frameworks */,
				1BA8869A1690798000D05E78 /* MessageUI.framework in Frameworks */,
				1BA886981690794A00D05E78 /* StoreKit.framework in Frameworks */,
				1BA886961690793800D05E78 /* AudioToolbox.framework in Frameworks */,
				1BA886941690793200D05E78 /* AdSupport.framework in Frameworks */,
				1B6E431016513A1400C7BEFD /* QuartzCore.framework in Frameworks */,
				1B6E430E165139F100C7BEFD /* Social.framework in Frameworks */,
				1B6E430C165139E500C7BEFD /* Accounts.framework in Frameworks */,
				1B451412164FFE5700618E8E /* MapKit.framework in Frameworks */,
				1B451354164F7CD900618E8E /* UIKit.framework in Frameworks */,
				1B451356164F7CD900618E8E /* Foundation.framework in Frameworks */,
				1B451358164F7CD900618E8E /* CoreGraphics.framework in Frameworks */,
				1BA886921690764100D05E78 /* libGoogleAdMobAds.a in Frameworks */,
			);
			runOnlyForDeploymentPostprocessing = 0;
		};
		1B45137D164F7CD900618E8E /* Frameworks */ = {
			isa = PBXFrameworksBuildPhase;
			buildActionMask = 2147483647;
			files = (
				1B451383164F7CD900618E8E /* SenTestingKit.framework in Frameworks */,
				1B451384164F7CD900618E8E /* UIKit.framework in Frameworks */,
				1B451385164F7CD900618E8E /* Foundation.framework in Frameworks */,
			);
			runOnlyForDeploymentPostprocessing = 0;
		};
/* End PBXFrameworksBuildPhase section */

/* Begin PBXGroup section */
		1B451344164F7CD900618E8E = {
			isa = PBXGroup;
			children = (
				1B451359164F7CD900618E8E /* TweetNow */,
				1B451388164F7CD900618E8E /* TweetNowTests */,
				1B451352164F7CD900618E8E /* Frameworks */,
				1B451350164F7CD900618E8E /* Products */,
			);
			sourceTree = "<group>";
		};
		1B451350164F7CD900618E8E /* Products */ = {
			isa = PBXGroup;
			children = (
				1B45134F164F7CD900618E8E /* TweetNow.app */,
				1B451381164F7CD900618E8E /* TweetNowTests.octest */,
			);
			name = Products;
			sourceTree = "<group>";
		};
		1B451352164F7CD900618E8E /* Frameworks */ = {
			isa = PBXGroup;
			children = (
				1BA8869B1690799500D05E78 /* SystemConfiguration.framework */,
				1BA886991690798000D05E78 /* MessageUI.framework */,
				1BA886971690794A00D05E78 /* StoreKit.framework */,
				1BA886951690793800D05E78 /* AudioToolbox.framework */,
				1BA886931690793200D05E78 /* AdSupport.framework */,
				1B6E430B165139E500C7BEFD /* Accounts.framework */,
				1B6E430D165139F100C7BEFD /* Social.framework */,
				1B6E430F16513A1400C7BEFD /* QuartzCore.framework */,
				1B451411164FFE5700618E8E /* MapKit.framework */,
				1B451353164F7CD900618E8E /* UIKit.framework */,
				1B451355164F7CD900618E8E /* Foundation.framework */,
				1B451357164F7CD900618E8E /* CoreGraphics.framework */,
				1B451382164F7CD900618E8E /* SenTestingKit.framework */,
			);
			name = Frameworks;
			sourceTree = "<group>";
		};
		1B451359164F7CD900618E8E /* TweetNow */ = {
			isa = PBXGroup;
			children = (
				1B4513A2164F80C700618E8E /* ViewControllers */,
				1B4513EE164F965700618E8E /* Models */,
				1B6E42FE1651346000C7BEFD /* Helpers */,
				1B4513A0164F80B200618E8E /* Resources */,
				1B45135A164F7CD900618E8E /* Supporting Files */,
				1BA886871690764100D05E78 /* GoogleAdMobAdsSdkiOS-6.2.1 */,
			);
			path = TweetNow;
			sourceTree = "<group>";
		};
		1B45135A164F7CD900618E8E /* Supporting Files */ = {
			isa = PBXGroup;
			children = (
				1B45135B164F7CD900618E8E /* TweetNow-Info.plist */,
				1B45135C164F7CD900618E8E /* InfoPlist.strings */,
				1B45135F164F7CD900618E8E /* main.m */,
				1B451361164F7CD900618E8E /* TweetNow-Prefix.pch */,
				1B451365164F7CD900618E8E /* Default.png */,
				1B451367164F7CD900618E8E /* Default@2x.png */,
				1B451369164F7CD900618E8E /* Default-568h@2x.png */,
			);
			name = "Supporting Files";
			sourceTree = "<group>";
		};
		1B451388164F7CD900618E8E /* TweetNowTests */ = {
			isa = PBXGroup;
			children = (
				1B451400164F992000618E8E /* PlaceListTests.h */,
				1B451401164F992000618E8E /* PlaceListTests.m */,
				1B451402164F992000618E8E /* RegisteredPlaceListTests.h */,
				1B451403164F992000618E8E /* RegisteredPlaceListTests.m */,
				1B451404164F992000618E8E /* StationSearchTests.h */,
				1B451405164F992000618E8E /* StationSearchTests.m */,
				1B451389164F7CD900618E8E /* Supporting Files */,
			);
			path = TweetNowTests;
			sourceTree = "<group>";
		};
		1B451389164F7CD900618E8E /* Supporting Files */ = {
			isa = PBXGroup;
			children = (
				1B45138A164F7CD900618E8E /* TweetNowTests-Info.plist */,
				1B45138B164F7CD900618E8E /* InfoPlist.strings */,
			);
			name = "Supporting Files";
			sourceTree = "<group>";
		};
		1B4513A0164F80B200618E8E /* Resources */ = {
			isa = PBXGroup;
			children = (
				1B24718B1653D7AD00B0E95C /* icon.png */,
				1B2471891653D79000B0E95C /* icon@2x.png */,
				1B45136B164F7CD900618E8E /* MainStoryboard.storyboard */,
				1B4513BF164F81DF00618E8E /* TweetNow.png */,
				1B4513B1164F819E00618E8E /* comment.png */,
				1B4513B2164F819E00618E8E /* comment16.png */,
				1B4513B3164F819E00618E8E /* gear32.png */,
				1B4513B5164F819E00618E8E /* pin.png */,
				1B4513B6164F819E00618E8E /* pin32.png */,
				1B4513B7164F819E00618E8E /* tweet.png */,
			);
			name = Resources;
			sourceTree = "<group>";
		};
		1B4513A2164F80C700618E8E /* ViewControllers */ = {
			isa = PBXGroup;
			children = (
				1B4513C1164F835700618E8E /* AppDelegate.h */,
				1B4513C2164F835700618E8E /* AppDelegate.m */,
				1B4513C4164F839400618E8E /* TweetNewViewController.h */,
				1B4513C5164F839400618E8E /* TweetNewViewController.m */,
				1B4513C7164F83BD00618E8E /* PlacesViewController.h */,
				1B4513C8164F83BD00618E8E /* PlacesViewController.m */,
				1B4513CA164F83EC00618E8E /* PhrasesViewController.h */,
				1B4513CB164F83EC00618E8E /* PhrasesViewController.m */,
				1B4513CD164F840100618E8E /* SetUpViewController.h */,
				1B4513CE164F840100618E8E /* SetUpViewController.m */,
				1B4513D4164F8FA800618E8E /* AddPlaceViewController.h */,
				1B4513D5164F8FA800618E8E /* AddPlaceViewController.m */,
				1B4513DA164F8FD400618E8E /* AboutViewController.h */,
				1B4513DB164F8FD400618E8E /* AboutViewController.m */,
			);
			name = ViewControllers;
			sourceTree = "<group>";
		};
		1B4513EE164F965700618E8E /* Models */ = {
			isa = PBXGroup;
			children = (
				1B6E42F916512CF400C7BEFD /* PhraseList.h */,
				1B6E42FA16512CF400C7BEFD /* PhraseList.m */,
				1B45140D164F9C5400618E8E /* RegisteredPlaceList.h */,
				1B45140E164F9C5400618E8E /* RegisteredPlaceList.m */,
				1B4513F0164F968D00618E8E /* Place.h */,
				1B4513F1164F968D00618E8E /* Place.m */,
				1B4513F2164F968D00618E8E /* PlaceList.h */,
				1B4513F3164F968D00618E8E /* PlaceList.m */,
				1B4513F4164F968D00618E8E /* StationLocation.h */,
				1B4513F5164F968D00618E8E /* StationLocation.m */,
				1B4513F6164F968D00618E8E /* StationSearch.h */,
				1B4513F7164F968D00618E8E /* StationSearch.m */,
			);
			name = Models;
			sourceTree = "<group>";
		};
		1B6E42FE1651346000C7BEFD /* Helpers */ = {
			isa = PBXGroup;
			children = (
				1BE4A97E16A5223F000BB244 /* AdBanner.h */,
				1BE4A97F16A5223F000BB244 /* AdBanner.m */,
				1B6E431116513DF900C7BEFD /* MKPlacePinAnnotationView.h */,
				1B6E431216513DF900C7BEFD /* MKPlacePinAnnotationView.m */,
				1B6E4302165134F300C7BEFD /* Config.h */,
				1B6E4303165134F300C7BEFD /* Config.m */,
				1B6E4304165134F300C7BEFD /* SimpleAlertView.h */,
				1B6E4305165134F300C7BEFD /* SimpleAlertView.m */,
				1B6E4306165134F300C7BEFD /* TwitterHelper.h */,
				1B6E4307165134F300C7BEFD /* TwitterHelper.m */,
			);
			name = Helpers;
			sourceTree = "<group>";
		};
		1BA886871690764100D05E78 /* GoogleAdMobAdsSdkiOS-6.2.1 */ = {
			isa = PBXGroup;
			children = (
				1BA886881690764100D05E78 /* GADAdMobExtras.h */,
				1BA886891690764100D05E78 /* GADAdNetworkExtras.h */,
				1BA8868A1690764100D05E78 /* GADAdSize.h */,
				1BA8868B1690764100D05E78 /* GADBannerView.h */,
				1BA8868C1690764100D05E78 /* GADBannerViewDelegate.h */,
				1BA8868D1690764100D05E78 /* GADInterstitial.h */,
				1BA8868E1690764100D05E78 /* GADInterstitialDelegate.h */,
				1BA8868F1690764100D05E78 /* GADRequest.h */,
				1BA886901690764100D05E78 /* GADRequestError.h */,
				1BA886911690764100D05E78 /* libGoogleAdMobAds.a */,
			);
			name = "GoogleAdMobAdsSdkiOS-6.2.1";
			path = "Classes/GoogleAdMobAdsSdkiOS-6.2.1";
			sourceTree = "<group>";
		};
/* End PBXGroup section */

/* Begin PBXNativeTarget section */
		1B45134E164F7CD900618E8E /* TweetNow */ = {
			isa = PBXNativeTarget;
			buildConfigurationList = 1B451393164F7CD900618E8E /* Build configuration list for PBXNativeTarget "TweetNow" */;
			buildPhases = (
				1B45134B164F7CD900618E8E /* Sources */,
				1B45134C164F7CD900618E8E /* Frameworks */,
				1B45134D164F7CD900618E8E /* Resources */,
			);
			buildRules = (
			);
			dependencies = (
			);
			name = TweetNow;
			productName = TweetNow;
			productReference = 1B45134F164F7CD900618E8E /* TweetNow.app */;
			productType = "com.apple.product-type.application";
		};
		1B451380164F7CD900618E8E /* TweetNowTests */ = {
			isa = PBXNativeTarget;
			buildConfigurationList = 1B451396164F7CD900618E8E /* Build configuration list for PBXNativeTarget "TweetNowTests" */;
			buildPhases = (
				1B45137C164F7CD900618E8E /* Sources */,
				1B45137D164F7CD900618E8E /* Frameworks */,
				1B45137E164F7CD900618E8E /* Resources */,
				1B45137F164F7CD900618E8E /* ShellScript */,
			);
			buildRules = (
			);
			dependencies = (
				1B451387164F7CD900618E8E /* PBXTargetDependency */,
			);
			name = TweetNowTests;
			productName = TweetNowTests;
			productReference = 1B451381164F7CD900618E8E /* TweetNowTests.octest */;
			productType = "com.apple.product-type.bundle";
		};
/* End PBXNativeTarget section */

/* Begin PBXProject section */
		1B451346164F7CD900618E8E /* Project object */ = {
			isa = PBXProject;
			attributes = {
				LastUpgradeCheck = 0450;
				ORGANIZATIONNAME = "Yuumi Yoshida";
			};
			buildConfigurationList = 1B451349164F7CD900618E8E /* Build configuration list for PBXProject "TweetNow" */;
			compatibilityVersion = "Xcode 3.2";
			developmentRegion = English;
			hasScannedForEncodings = 0;
			knownRegions = (
				en,
				ja,
			);
			mainGroup = 1B451344164F7CD900618E8E;
			productRefGroup = 1B451350164F7CD900618E8E /* Products */;
			projectDirPath = "";
			projectRoot = "";
			targets = (
				1B45134E164F7CD900618E8E /* TweetNow */,
				1B451380164F7CD900618E8E /* TweetNowTests */,
			);
		};
/* End PBXProject section */

/* Begin PBXResourcesBuildPhase section */
		1B45134D164F7CD900618E8E /* Resources */ = {
			isa = PBXResourcesBuildPhase;
			buildActionMask = 2147483647;
			files = (
				1B45135E164F7CD900618E8E /* InfoPlist.strings in Resources */,
				1B451366164F7CD900618E8E /* Default.png in Resources */,
				1B451368164F7CD900618E8E /* Default@2x.png in Resources */,
				1B45136A164F7CD900618E8E /* Default-568h@2x.png in Resources */,
				1B45136D164F7CD900618E8E /* MainStoryboard.storyboard in Resources */,
				1B4513B8164F819E00618E8E /* comment.png in Resources */,
				1B4513B9164F819E00618E8E /* comment16.png in Resources */,
				1B4513BA164F819E00618E8E /* gear32.png in Resources */,
				1B4513BC164F819E00618E8E /* pin.png in Resources */,
				1B4513BD164F819E00618E8E /* pin32.png in Resources */,
				1B4513BE164F819E00618E8E /* tweet.png in Resources */,
				1B4513C0164F81DF00618E8E /* TweetNow.png in Resources */,
				1B24718A1653D79000B0E95C /* icon@2x.png in Resources */,
				1B24718C1653D7AD00B0E95C /* icon.png in Resources */,
			);
			runOnlyForDeploymentPostprocessing = 0;
		};
		1B45137E164F7CD900618E8E /* Resources */ = {
			isa = PBXResourcesBuildPhase;
			buildActionMask = 2147483647;
			files = (
				1B45138D164F7CD900618E8E /* InfoPlist.strings in Resources */,
			);
			runOnlyForDeploymentPostprocessing = 0;
		};
/* End PBXResourcesBuildPhase section */

/* Begin PBXShellScriptBuildPhase section */
		1B45137F164F7CD900618E8E /* ShellScript */ = {
			isa = PBXShellScriptBuildPhase;
			buildActionMask = 2147483647;
			files = (
			);
			inputPaths = (
			);
			outputPaths = (
			);
			runOnlyForDeploymentPostprocessing = 0;
			shellPath = /bin/sh;
			shellScript = "# Run the unit tests in this test bundle.\n\"${SYSTEM_DEVELOPER_DIR}/Tools/RunUnitTests\"\n";
		};
/* End PBXShellScriptBuildPhase section */

/* Begin PBXSourcesBuildPhase section */
		1B45134B164F7CD900618E8E /* Sources */ = {
			isa = PBXSourcesBuildPhase;
			buildActionMask = 2147483647;
			files = (
				1B451360164F7CD900618E8E /* main.m in Sources */,
				1B4513C3164F835700618E8E /* AppDelegate.m in Sources */,
				1B4513C6164F839400618E8E /* TweetNewViewController.m in Sources */,
				1B4513C9164F83BD00618E8E /* PlacesViewController.m in Sources */,
				1B4513CC164F83EC00618E8E /* PhrasesViewController.m in Sources */,
				1B4513CF164F840100618E8E /* SetUpViewController.m in Sources */,
				1B4513D6164F8FA800618E8E /* AddPlaceViewController.m in Sources */,
				1B4513DC164F8FD400618E8E /* AboutViewController.m in Sources */,
				1B4513F8164F968D00618E8E /* Place.m in Sources */,
				1B4513FA164F968D00618E8E /* PlaceList.m in Sources */,
				1B4513FC164F968D00618E8E /* StationLocation.m in Sources */,
				1B4513FE164F968D00618E8E /* StationSearch.m in Sources */,
				1B45140F164F9C5400618E8E /* RegisteredPlaceList.m in Sources */,
				1B6E42FB16512CF400C7BEFD /* PhraseList.m in Sources */,
				1B6E4308165134F300C7BEFD /* Config.m in Sources */,
				1B6E4309165134F300C7BEFD /* SimpleAlertView.m in Sources */,
				1B6E430A165134F300C7BEFD /* TwitterHelper.m in Sources */,
				1B6E431316513DF900C7BEFD /* MKPlacePinAnnotationView.m in Sources */,
				1BE4A98016A5223F000BB244 /* AdBanner.m in Sources */,
			);
			runOnlyForDeploymentPostprocessing = 0;
		};
		1B45137C164F7CD900618E8E /* Sources */ = {
			isa = PBXSourcesBuildPhase;
			buildActionMask = 2147483647;
			files = (
				1B4513F9164F968D00618E8E /* Place.m in Sources */,
				1B4513FB164F968D00618E8E /* PlaceList.m in Sources */,
				1B4513FD164F968D00618E8E /* StationLocation.m in Sources */,
				1B4513FF164F968D00618E8E /* StationSearch.m in Sources */,
				1B451406164F992000618E8E /* PlaceListTests.m in Sources */,
				1B451407164F992000618E8E /* RegisteredPlaceListTests.m in Sources */,
				1B451408164F992000618E8E /* StationSearchTests.m in Sources */,
				1B451410164F9C5400618E8E /* RegisteredPlaceList.m in Sources */,
				1B6E42FC16512CF400C7BEFD /* PhraseList.m in Sources */,
			);
			runOnlyForDeploymentPostprocessing = 0;
		};
/* End PBXSourcesBuildPhase section */

/* Begin PBXTargetDependency section */
		1B451387164F7CD900618E8E /* PBXTargetDependency */ = {
			isa = PBXTargetDependency;
			target = 1B45134E164F7CD900618E8E /* TweetNow */;
			targetProxy = 1B451386164F7CD900618E8E /* PBXContainerItemProxy */;
		};
/* End PBXTargetDependency section */

/* Begin PBXVariantGroup section */
		1B45135C164F7CD900618E8E /* InfoPlist.strings */ = {
			isa = PBXVariantGroup;
			children = (
				1B19494416529F9A003E4F23 /* ja */,
			);
			name = InfoPlist.strings;
			sourceTree = "<group>";
		};
		1B45136B164F7CD900618E8E /* MainStoryboard.storyboard */ = {
			isa = PBXVariantGroup;
			children = (
				1B19494316529F9A003E4F23 /* ja */,
			);
			name = MainStoryboard.storyboard;
			sourceTree = "<group>";
		};
		1B45138B164F7CD900618E8E /* InfoPlist.strings */ = {
			isa = PBXVariantGroup;
			children = (
				1B19494516529F9A003E4F23 /* ja */,
			);
			name = InfoPlist.strings;
			sourceTree = "<group>";
		};
/* End PBXVariantGroup section */

/* Begin XCBuildConfiguration section */
		1B451391164F7CD900618E8E /* Debug */ = {
			isa = XCBuildConfiguration;
			buildSettings = {
				ALWAYS_SEARCH_USER_PATHS = NO;
				CLANG_CXX_LANGUAGE_STANDARD = "gnu++0x";
				CLANG_CXX_LIBRARY = "libc++";
				CLANG_ENABLE_OBJC_ARC = YES;
				CLANG_WARN_EMPTY_BODY = YES;
				CLANG_WARN__DUPLICATE_METHOD_MATCH = YES;
				"CODE_SIGN_IDENTITY[sdk=iphoneos*]" = "iPhone Developer";
				COPY_PHASE_STRIP = NO;
				GCC_C_LANGUAGE_STANDARD = gnu99;
				GCC_DYNAMIC_NO_PIC = NO;
				GCC_OPTIMIZATION_LEVEL = 0;
				GCC_PREPROCESSOR_DEFINITIONS = (
					"DEBUG=1",
					"$(inherited)",
				);
				GCC_SYMBOLS_PRIVATE_EXTERN = NO;
				GCC_WARN_ABOUT_RETURN_TYPE = YES;
				GCC_WARN_UNINITIALIZED_AUTOS = YES;
				GCC_WARN_UNUSED_VARIABLE = YES;
				IPHONEOS_DEPLOYMENT_TARGET = 6.0;
				ONLY_ACTIVE_ARCH = YES;
				SDKROOT = iphoneos;
			};
			name = Debug;
		};
		1B451392164F7CD900618E8E /* Release */ = {
			isa = XCBuildConfiguration;
			buildSettings = {
				ALWAYS_SEARCH_USER_PATHS = NO;
				CLANG_CXX_LANGUAGE_STANDARD = "gnu++0x";
				CLANG_CXX_LIBRARY = "libc++";
				CLANG_ENABLE_OBJC_ARC = YES;
				CLANG_WARN_EMPTY_BODY = YES;
				CLANG_WARN__DUPLICATE_METHOD_MATCH = YES;
				"CODE_SIGN_IDENTITY[sdk=iphoneos*]" = "iPhone Developer";
				COPY_PHASE_STRIP = YES;
				GCC_C_LANGUAGE_STANDARD = gnu99;
				GCC_WARN_ABOUT_RETURN_TYPE = YES;
				GCC_WARN_UNINITIALIZED_AUTOS = YES;
				GCC_WARN_UNUSED_VARIABLE = YES;
				IPHONEOS_DEPLOYMENT_TARGET = 6.0;
				OTHER_CFLAGS = "-DNS_BLOCK_ASSERTIONS=1";
				SDKROOT = iphoneos;
				VALIDATE_PRODUCT = YES;
			};
			name = Release;
		};
		1B451394164F7CD900618E8E /* Debug */ = {
			isa = XCBuildConfiguration;
			buildSettings = {
				CODE_SIGN_IDENTITY = "";
				GCC_PRECOMPILE_PREFIX_HEADER = YES;
				GCC_PREFIX_HEADER = "TweetNow/TweetNow-Prefix.pch";
				INFOPLIST_FILE = "TweetNow/TweetNow-Info.plist";
				IPHONEOS_DEPLOYMENT_TARGET = 6.0;
				LIBRARY_SEARCH_PATHS = (
					"$(inherited)",
					"\"$(SRCROOT)/TweetNow/Classes/GoogleAdMobAdsSdkiOS-6.2.1\"",
				);
				OTHER_LDFLAGS = "-ObjC";
				PRODUCT_NAME = "$(TARGET_NAME)";
				WRAPPER_EXTENSION = app;
			};
			name = Debug;
		};
		1B451395164F7CD900618E8E /* Release */ = {
			isa = XCBuildConfiguration;
			buildSettings = {
				GCC_PRECOMPILE_PREFIX_HEADER = YES;
				GCC_PREFIX_HEADER = "TweetNow/TweetNow-Prefix.pch";
				INFOPLIST_FILE = "TweetNow/TweetNow-Info.plist";
				IPHONEOS_DEPLOYMENT_TARGET = 6.0;
				LIBRARY_SEARCH_PATHS = (
					"$(inherited)",
					"\"$(SRCROOT)/TweetNow/Classes/GoogleAdMobAdsSdkiOS-6.2.1\"",
				);
				OTHER_LDFLAGS = "-ObjC";
				PRODUCT_NAME = "$(TARGET_NAME)";
				WRAPPER_EXTENSION = app;
			};
			name = Release;
		};
		1B451397164F7CD900618E8E /* Debug */ = {
			isa = XCBuildConfiguration;
			buildSettings = {
				BUNDLE_LOADER = "$(BUILT_PRODUCTS_DIR)/TweetNow.app/TweetNow";
				FRAMEWORK_SEARCH_PATHS = (
					"\"$(SDKROOT)/Developer/Library/Frameworks\"",
					"\"$(DEVELOPER_LIBRARY_DIR)/Frameworks\"",
				);
				GCC_PRECOMPILE_PREFIX_HEADER = YES;
				GCC_PREFIX_HEADER = "TweetNow/TweetNow-Prefix.pch";
				INFOPLIST_FILE = "TweetNowTests/TweetNowTests-Info.plist";
				PRODUCT_NAME = "$(TARGET_NAME)";
				TEST_HOST = "$(BUNDLE_LOADER)";
				WRAPPER_EXTENSION = octest;
			};
			name = Debug;
		};
		1B451398164F7CD900618E8E /* Release */ = {
			isa = XCBuildConfiguration;
			buildSettings = {
				BUNDLE_LOADER = "$(BUILT_PRODUCTS_DIR)/TweetNow.app/TweetNow";
				FRAMEWORK_SEARCH_PATHS = (
					"\"$(SDKROOT)/Developer/Library/Frameworks\"",
					"\"$(DEVELOPER_LIBRARY_DIR)/Frameworks\"",
				);
				GCC_PRECOMPILE_PREFIX_HEADER = YES;
				GCC_PREFIX_HEADER = "TweetNow/TweetNow-Prefix.pch";
				INFOPLIST_FILE = "TweetNowTests/TweetNowTests-Info.plist";
				PRODUCT_NAME = "$(TARGET_NAME)";
				TEST_HOST = "$(BUNDLE_LOADER)";
				WRAPPER_EXTENSION = octest;
			};
			name = Release;
		};
/* End XCBuildConfiguration section */

/* Begin XCConfigurationList section */
		1B451349164F7CD900618E8E /* Build configuration list for PBXProject "TweetNow" */ = {
			isa = XCConfigurationList;
			buildConfigurations = (
				1B451391164F7CD900618E8E /* Debug */,
				1B451392164F7CD900618E8E /* Release */,
			);
			defaultConfigurationIsVisible = 0;
			defaultConfigurationName = Release;
		};
		1B451393164F7CD900618E8E /* Build configuration list for PBXNativeTarget "TweetNow" */ = {
			isa = XCConfigurationList;
			buildConfigurations = (
				1B451394164F7CD900618E8E /* Debug */,
				1B451395164F7CD900618E8E /* Release */,
			);
			defaultConfigurationIsVisible = 0;
			defaultConfigurationName = Release;
		};
		1B451396164F7CD900618E8E /* Build configuration list for PBXNativeTarget "TweetNowTests" */ = {
			isa = XCConfigurationList;
			buildConfigurations = (
				1B451397164F7CD900618E8E /* Debug */,
				1B451398164F7CD900618E8E /* Release */,
			);
			defaultConfigurationIsVisible = 0;
			defaultConfigurationName = Release;
		};
/* End XCConfigurationList section */
	};
	rootObject = 1B451346164F7CD900618E8E /* Project object */;
}
